PODS:
  - AFNetworking (2.2.1):
    - AFNetworking/NSURLConnection (= 2.2.1)
    - AFNetworking/NSURLSession (= 2.2.1)
    - AFNetworking/Reachability (= 2.2.1)
    - AFNetworking/Security (= 2.2.1)
    - AFNetworking/Serialization (= 2.2.1)
    - AFNetworking/UIKit (= 2.2.1)
  - AFNetworking/NSURLConnection (2.2.1):
    - AFNetworking/Reachability
    - AFNetworking/Security
    - AFNetworking/Serialization
  - AFNetworking/NSURLSession (2.2.1):
    - AFNetworking/NSURLConnection
  - AFNetworking/Reachability (2.2.1)
  - AFNetworking/Security (2.2.1)
  - AFNetworking/Serialization (2.2.1)
  - AFNetworking/UIKit (2.2.1):
    - AFNetworking/NSURLConnection
    - AFNetworking/NSURLSession
  - BDBOAuth1Manager (1.2.0):
    - AFNetworking/NSURLConnection (~> 2.2.0)
    - AFNetworking/NSURLSession (~> 2.2.0)

DEPENDENCIES:
  - AFNetworking
  - BDBOAuth1Manager

SPEC CHECKSUMS:
  AFNetworking: d807f014afb2003f135715f7cc293407b36653dd
  BDBOAuth1Manager: 333ba2288c2b33b5fbbc4bc9e84aeb26e99741a4

COCOAPODS: 0.35.0
